
Microsoft Visual Studio Solution File, Format Version 12.00
# Visual Studio Version 17
VisualStudioVersion = 17.0.32112.339
MinimumVisualStudioVersion = 10.0.40219.1
Project("{2150E333-8FDC-42A3-9474-1A3956D46DE8}") = "Microservices", "Microservices", "{A84B02E0-D13C-4389-9720-D220D27C4A3C}"
EndProject
Project("{2150E333-8FDC-42A3-9474-1A3956D46DE8}") = "Domain", "Domain", "{A39EB6AF-1D43-4D91-AAA9-462ECF63E202}"
EndProject
Project("{2150E333-8FDC-42A3-9474-1A3956D46DE8}") = "Infrastucture.Bus", "Infrastucture.Bus", "{C550F5E8-5471-49B1-96A1-F94BFE988C43}"
EndProject
Project("{2150E333-8FDC-42A3-9474-1A3956D46DE8}") = "Infrastucture.IoC", "Infrastucture.IoC", "{9DAE47E5-2ED8-47DF-BB13-1E50691D2EA2}"
EndProject
Project("{2150E333-8FDC-42A3-9474-1A3956D46DE8}") = "Presentation", "Presentation", "{A6069038-73CA-4AA8-AE4F-5EDD25363160}"
EndProject
Project("{FAE04EC0-301F-11D3-BF4B-00C04F79EFBC}") = "MicroRabbit.Domain.Core", "MicroRabbit.Domain.Core\MicroRabbit.Domain.Core.csproj", "{0BF8B90C-5AB5-425C-B0BF-F0F313FD69AE}"
EndProject
Project("{FAE04EC0-301F-11D3-BF4B-00C04F79EFBC}") = "MicroRabbit.Infrastructure.Bus", "MicroRabbit.Infrastructure.Bus\MicroRabbit.Infrastructure.Bus.csproj", "{16C85E08-8770-402B-9A80-C74C253E00C5}"
EndProject
Global
	GlobalSection(SolutionConfigurationPlatforms) = preSolution
		Debug|Any CPU = Debug|Any CPU
		Release|Any CPU = Release|Any CPU
	EndGlobalSection
	GlobalSection(ProjectConfigurationPlatforms) = postSolution
		{0BF8B90C-5AB5-425C-B0BF-F0F313FD69AE}.Debug|Any CPU.ActiveCfg = Debug|Any CPU
		{0BF8B90C-5AB5-425C-B0BF-F0F313FD69AE}.Debug|Any CPU.Build.0 = Debug|Any CPU
		{0BF8B90C-5AB5-425C-B0BF-F0F313FD69AE}.Release|Any CPU.ActiveCfg = Release|Any CPU
		{0BF8B90C-5AB5-425C-B0BF-F0F313FD69AE}.Release|Any CPU.Build.0 = Release|Any CPU
		{16C85E08-8770-402B-9A80-C74C253E00C5}.Debug|Any CPU.ActiveCfg = Debug|Any CPU
		{16C85E08-8770-402B-9A80-C74C253E00C5}.Debug|Any CPU.Build.0 = Debug|Any CPU
		{16C85E08-8770-402B-9A80-C74C253E00C5}.Release|Any CPU.ActiveCfg = Release|Any CPU
		{16C85E08-8770-402B-9A80-C74C253E00C5}.Release|Any CPU.Build.0 = Release|Any CPU
	EndGlobalSection
	GlobalSection(SolutionProperties) = preSolution
		HideSolutionNode = FALSE
	EndGlobalSection
	GlobalSection(NestedProjects) = preSolution
		{0BF8B90C-5AB5-425C-B0BF-F0F313FD69AE} = {A39EB6AF-1D43-4D91-AAA9-462ECF63E202}
		{16C85E08-8770-402B-9A80-C74C253E00C5} = {C550F5E8-5471-49B1-96A1-F94BFE988C43}
	EndGlobalSection
	GlobalSection(ExtensibilityGlobals) = postSolution
		SolutionGuid = {7CCB2F6B-AC27-435F-811F-0EBCD1B5C777}
	EndGlobalSection
EndGlobal
