
Microsoft Visual Studio Solution File, Format Version 12.00
# Visual Studio Version 17
VisualStudioVersion = 17.0.32112.339
MinimumVisualStudioVersion = 10.0.40219.1
Project("{2150E333-8FDC-42A3-9474-1A3956D46DE8}") = "Microservices", "Microservices", "{A84B02E0-D13C-4389-9720-D220D27C4A3C}"
EndProject
Project("{2150E333-8FDC-42A3-9474-1A3956D46DE8}") = "Domain", "Domain", "{A39EB6AF-1D43-4D91-AAA9-462ECF63E202}"
EndProject
Project("{2150E333-8FDC-42A3-9474-1A3956D46DE8}") = "Infrastucture.Bus", "Infrastucture.Bus", "{C550F5E8-5471-49B1-96A1-F94BFE988C43}"
EndProject
Project("{2150E333-8FDC-42A3-9474-1A3956D46DE8}") = "Infrastucture.IoC", "Infrastucture.IoC", "{9DAE47E5-2ED8-47DF-BB13-1E50691D2EA2}"
EndProject
Project("{2150E333-8FDC-42A3-9474-1A3956D46DE8}") = "Presentation", "Presentation", "{A6069038-73CA-4AA8-AE4F-5EDD25363160}"
EndProject
Project("{9A19103F-16F7-4668-BE54-9A1E7A4F7556}") = "MicroRabbit.Domain.Core", "MicroRabbit.Domain.Core\MicroRabbit.Domain.Core.csproj", "{0BF8B90C-5AB5-425C-B0BF-F0F313FD69AE}"
EndProject
Project("{9A19103F-16F7-4668-BE54-9A1E7A4F7556}") = "MicroRabbit.Infrastructure.Bus", "MicroRabbit.Infrastructure.Bus\MicroRabbit.Infrastructure.Bus.csproj", "{16C85E08-8770-402B-9A80-C74C253E00C5}"
EndProject
Project("{9A19103F-16F7-4668-BE54-9A1E7A4F7556}") = "MicroRabbit.Infrastructure.IoC", "MicroRabbit.Infrastructure.IoC\MicroRabbit.Infrastructure.IoC.csproj", "{07E3ACCF-A4C7-4872-B8F5-2B96007FF431}"
EndProject
Project("{2150E333-8FDC-42A3-9474-1A3956D46DE8}") = "Banking", "Banking", "{9AC573B5-F959-433E-A9B6-D9171393770A}"
EndProject
Project("{2150E333-8FDC-42A3-9474-1A3956D46DE8}") = "Api", "Api", "{F06DE236-A6AA-411C-92D2-DD2ACA419549}"
EndProject
Project("{2150E333-8FDC-42A3-9474-1A3956D46DE8}") = "Domain", "Domain", "{A1396E7F-CEDD-4115-8461-87E7046C8302}"
EndProject
Project("{2150E333-8FDC-42A3-9474-1A3956D46DE8}") = "Application", "Application", "{23025F31-CCB5-4978-85D6-F77C2580023D}"
EndProject
Project("{2150E333-8FDC-42A3-9474-1A3956D46DE8}") = "Data", "Data", "{266C9484-D1A7-4513-9EB4-C1693176400D}"
EndProject
Project("{FAE04EC0-301F-11D3-BF4B-00C04F79EFBC}") = "MicroRabbit.Banking.Api", "MicroRabbit.Banking.Api\MicroRabbit.Banking.Api.csproj", "{0D18D8D5-F729-4D3E-AE64-888FDC729C4F}"
EndProject
Project("{FAE04EC0-301F-11D3-BF4B-00C04F79EFBC}") = "MicroRabbit.Banking.Application", "MicroRabbit.Banking.Application\MicroRabbit.Banking.Application.csproj", "{429F5943-CF29-4A3D-AD52-5B9DBAF9F309}"
EndProject
Project("{FAE04EC0-301F-11D3-BF4B-00C04F79EFBC}") = "MicroRabbit.Banking.Data", "MicroRabbit.Banking.Data\MicroRabbit.Banking.Data.csproj", "{2597B6A6-E852-4BED-8D3F-F03EC8CD52E6}"
EndProject
Project("{FAE04EC0-301F-11D3-BF4B-00C04F79EFBC}") = "MicroRabbit.Banking.Domain", "MicroRabbit.Banking.Domain\MicroRabbit.Banking.Domain.csproj", "{0D919031-6CA8-4177-BAE0-59A4FBCB25AC}"
EndProject
Global
	GlobalSection(SolutionConfigurationPlatforms) = preSolution
		Debug|Any CPU = Debug|Any CPU
		Release|Any CPU = Release|Any CPU
	EndGlobalSection
	GlobalSection(ProjectConfigurationPlatforms) = postSolution
		{0BF8B90C-5AB5-425C-B0BF-F0F313FD69AE}.Debug|Any CPU.ActiveCfg = Debug|Any CPU
		{0BF8B90C-5AB5-425C-B0BF-F0F313FD69AE}.Debug|Any CPU.Build.0 = Debug|Any CPU
		{0BF8B90C-5AB5-425C-B0BF-F0F313FD69AE}.Release|Any CPU.ActiveCfg = Release|Any CPU
		{0BF8B90C-5AB5-425C-B0BF-F0F313FD69AE}.Release|Any CPU.Build.0 = Release|Any CPU
		{16C85E08-8770-402B-9A80-C74C253E00C5}.Debug|Any CPU.ActiveCfg = Debug|Any CPU
		{16C85E08-8770-402B-9A80-C74C253E00C5}.Debug|Any CPU.Build.0 = Debug|Any CPU
		{16C85E08-8770-402B-9A80-C74C253E00C5}.Release|Any CPU.ActiveCfg = Release|Any CPU
		{16C85E08-8770-402B-9A80-C74C253E00C5}.Release|Any CPU.Build.0 = Release|Any CPU
		{07E3ACCF-A4C7-4872-B8F5-2B96007FF431}.Debug|Any CPU.ActiveCfg = Debug|Any CPU
		{07E3ACCF-A4C7-4872-B8F5-2B96007FF431}.Debug|Any CPU.Build.0 = Debug|Any CPU
		{07E3ACCF-A4C7-4872-B8F5-2B96007FF431}.Release|Any CPU.ActiveCfg = Release|Any CPU
		{07E3ACCF-A4C7-4872-B8F5-2B96007FF431}.Release|Any CPU.Build.0 = Release|Any CPU
		{0D18D8D5-F729-4D3E-AE64-888FDC729C4F}.Debug|Any CPU.ActiveCfg = Debug|Any CPU
		{0D18D8D5-F729-4D3E-AE64-888FDC729C4F}.Debug|Any CPU.Build.0 = Debug|Any CPU
		{0D18D8D5-F729-4D3E-AE64-888FDC729C4F}.Release|Any CPU.ActiveCfg = Release|Any CPU
		{0D18D8D5-F729-4D3E-AE64-888FDC729C4F}.Release|Any CPU.Build.0 = Release|Any CPU
		{429F5943-CF29-4A3D-AD52-5B9DBAF9F309}.Debug|Any CPU.ActiveCfg = Debug|Any CPU
		{429F5943-CF29-4A3D-AD52-5B9DBAF9F309}.Debug|Any CPU.Build.0 = Debug|Any CPU
		{429F5943-CF29-4A3D-AD52-5B9DBAF9F309}.Release|Any CPU.ActiveCfg = Release|Any CPU
		{429F5943-CF29-4A3D-AD52-5B9DBAF9F309}.Release|Any CPU.Build.0 = Release|Any CPU
		{2597B6A6-E852-4BED-8D3F-F03EC8CD52E6}.Debug|Any CPU.ActiveCfg = Debug|Any CPU
		{2597B6A6-E852-4BED-8D3F-F03EC8CD52E6}.Debug|Any CPU.Build.0 = Debug|Any CPU
		{2597B6A6-E852-4BED-8D3F-F03EC8CD52E6}.Release|Any CPU.ActiveCfg = Release|Any CPU
		{2597B6A6-E852-4BED-8D3F-F03EC8CD52E6}.Release|Any CPU.Build.0 = Release|Any CPU
		{0D919031-6CA8-4177-BAE0-59A4FBCB25AC}.Debug|Any CPU.ActiveCfg = Debug|Any CPU
		{0D919031-6CA8-4177-BAE0-59A4FBCB25AC}.Debug|Any CPU.Build.0 = Debug|Any CPU
		{0D919031-6CA8-4177-BAE0-59A4FBCB25AC}.Release|Any CPU.ActiveCfg = Release|Any CPU
		{0D919031-6CA8-4177-BAE0-59A4FBCB25AC}.Release|Any CPU.Build.0 = Release|Any CPU
	EndGlobalSection
	GlobalSection(SolutionProperties) = preSolution
		HideSolutionNode = FALSE
	EndGlobalSection
	GlobalSection(NestedProjects) = preSolution
		{0BF8B90C-5AB5-425C-B0BF-F0F313FD69AE} = {A39EB6AF-1D43-4D91-AAA9-462ECF63E202}
		{16C85E08-8770-402B-9A80-C74C253E00C5} = {C550F5E8-5471-49B1-96A1-F94BFE988C43}
		{07E3ACCF-A4C7-4872-B8F5-2B96007FF431} = {9DAE47E5-2ED8-47DF-BB13-1E50691D2EA2}
		{9AC573B5-F959-433E-A9B6-D9171393770A} = {A84B02E0-D13C-4389-9720-D220D27C4A3C}
		{F06DE236-A6AA-411C-92D2-DD2ACA419549} = {9AC573B5-F959-433E-A9B6-D9171393770A}
		{A1396E7F-CEDD-4115-8461-87E7046C8302} = {9AC573B5-F959-433E-A9B6-D9171393770A}
		{23025F31-CCB5-4978-85D6-F77C2580023D} = {9AC573B5-F959-433E-A9B6-D9171393770A}
		{266C9484-D1A7-4513-9EB4-C1693176400D} = {9AC573B5-F959-433E-A9B6-D9171393770A}
		{0D18D8D5-F729-4D3E-AE64-888FDC729C4F} = {F06DE236-A6AA-411C-92D2-DD2ACA419549}
		{429F5943-CF29-4A3D-AD52-5B9DBAF9F309} = {23025F31-CCB5-4978-85D6-F77C2580023D}
		{2597B6A6-E852-4BED-8D3F-F03EC8CD52E6} = {266C9484-D1A7-4513-9EB4-C1693176400D}
		{0D919031-6CA8-4177-BAE0-59A4FBCB25AC} = {A1396E7F-CEDD-4115-8461-87E7046C8302}
	EndGlobalSection
	GlobalSection(ExtensibilityGlobals) = postSolution
		SolutionGuid = {7CCB2F6B-AC27-435F-811F-0EBCD1B5C777}
	EndGlobalSection
EndGlobal
